
Microsoft Visual Studio Solution File, Format Version 12.00
# Visual Studio Version 17
VisualStudioVersion = 17.5.002.0
MinimumVisualStudioVersion = 10.0.40219.1
Project("{9A19103F-16F7-4668-BE54-9A1E7A4F7556}") = "FactoryPattern", "FactoryPattern\FactoryPattern.csproj", "{C9C321F2-9B52-4255-9A36-393C6595B482}"
EndProject
Project("{9A19103F-16F7-4668-BE54-9A1E7A4F7556}") = "NotPattern", "NotPattern\NotPattern.csproj", "{4AF8EE34-BE6F-4C54-A616-926D574D9A8B}"
EndProject
Global
	GlobalSection(SolutionConfigurationPlatforms) = preSolution
		Debug|Any CPU = Debug|Any CPU
		Release|Any CPU = Release|Any CPU
	EndGlobalSection
	GlobalSection(ProjectConfigurationPlatforms) = postSolution
		{C9C321F2-9B52-4255-9A36-393C6595B482}.Debug|Any CPU.ActiveCfg = Debug|Any CPU
		{C9C321F2-9B52-4255-9A36-393C6595B482}.Debug|Any CPU.Build.0 = Debug|Any CPU
		{C9C321F2-9B52-4255-9A36-393C6595B482}.Release|Any CPU.ActiveCfg = Release|Any CPU
		{C9C321F2-9B52-4255-9A36-393C6595B482}.Release|Any CPU.Build.0 = Release|Any CPU
		{4AF8EE34-BE6F-4C54-A616-926D574D9A8B}.Debug|Any CPU.ActiveCfg = Debug|Any CPU
		{4AF8EE34-BE6F-4C54-A616-926D574D9A8B}.Debug|Any CPU.Build.0 = Debug|Any CPU
		{4AF8EE34-BE6F-4C54-A616-926D574D9A8B}.Release|Any CPU.ActiveCfg = Release|Any CPU
		{4AF8EE34-BE6F-4C54-A616-926D574D9A8B}.Release|Any CPU.Build.0 = Release|Any CPU
	EndGlobalSection
	GlobalSection(SolutionProperties) = preSolution
		HideSolutionNode = FALSE
	EndGlobalSection
	GlobalSection(ExtensibilityGlobals) = postSolution
		SolutionGuid = {725C14E7-BAD0-45ED-B670-1D4850DB4A41}
	EndGlobalSection
EndGlobal
